// !$*UTF8*$!
{
	archiveVersion = 1;
	classes = {
	};
	objectVersion = 46;
	objects = {

/* Begin PBXBuildFile section */
		89A726EB1AA2279C0004C289 /* AppDelegate.swift in Sources */ = {isa = PBXBuildFile; fileRef = 89A726EA1AA2279C0004C289 /* AppDelegate.swift */; };
		89A726ED1AA2279C0004C289 /* ViewController.swift in Sources */ = {isa = PBXBuildFile; fileRef = 89A726EC1AA2279C0004C289 /* ViewController.swift */; };
		89A726F01AA2279C0004C289 /* Main.storyboard in Resources */ = {isa = PBXBuildFile; fileRef = 89A726EE1AA2279C0004C289 /* Main.storyboard */; };
		89A726F21AA2279C0004C289 /* Images.xcassets in Resources */ = {isa = PBXBuildFile; fileRef = 89A726F11AA2279C0004C289 /* Images.xcassets */; };
		89A726F51AA2279C0004C289 /* LaunchScreen.xib in Resources */ = {isa = PBXBuildFile; fileRef = 89A726F31AA2279C0004C289 /* LaunchScreen.xib */; };
		89A727011AA2279C0004C289 /* _04_FacebookTests.swift in Sources */ = {isa = PBXBuildFile; fileRef = 89A727001AA2279C0004C289 /* _04_FacebookTests.swift */; };
/* End PBXBuildFile section */

/* Begin PBXContainerItemProxy section */
		89A726FB1AA2279C0004C289 /* PBXContainerItemProxy */ = {
			isa = PBXContainerItemProxy;
			containerPortal = 89A726DD1AA2279C0004C289 /* Project object */;
			proxyType = 1;
			remoteGlobalIDString = 89A726E41AA2279C0004C289;
			remoteInfo = "004-Facebook";
		};
/* End PBXContainerItemProxy section */

/* Begin PBXFileReference section */
		89A726E51AA2279C0004C289 /* 004-Facebook.app */ = {isa = PBXFileReference; explicitFileType = wrapper.application; includeInIndex = 0; path = "004-Facebook.app"; sourceTree = BUILT_PRODUCTS_DIR; };
		89A726E91AA2279C0004C289 /* Info.plist */ = {isa = PBXFileReference; lastKnownFileType = text.plist.xml; path = Info.plist; sourceTree = "<group>"; };
		89A726EA1AA2279C0004C289 /* AppDelegate.swift */ = {isa = PBXFileReference; lastKnownFileType = sourcecode.swift; path = AppDelegate.swift; sourceTree = "<group>"; };
		89A726EC1AA2279C0004C289 /* ViewController.swift */ = {isa = PBXFileReference; lastKnownFileType = sourcecode.swift; path = ViewController.swift; sourceTree = "<group>"; };
		89A726EF1AA2279C0004C289 /* Base */ = {isa = PBXFileReference; lastKnownFileType = file.storyboard; name = Base; path = Base.lproj/Main.storyboard; sourceTree = "<group>"; };
		89A726F11AA2279C0004C289 /* Images.xcassets */ = {isa = PBXFileReference; lastKnownFileType = folder.assetcatalog; path = Images.xcassets; sourceTree = "<group>"; };
		89A726F41AA2279C0004C289 /* Base */ = {isa = PBXFileReference; lastKnownFileType = file.xib; name = Base; path = Base.lproj/LaunchScreen.xib; sourceTree = "<group>"; };
		89A726FA1AA2279C0004C289 /* 004-FacebookTests.xctest */ = {isa = PBXFileReference; explicitFileType = wrapper.cfbundle; includeInIndex = 0; path = "004-FacebookTests.xctest"; sourceTree = BUILT_PRODUCTS_DIR; };
		89A726FF1AA2279C0004C289 /* Info.plist */ = {isa = PBXFileReference; lastKnownFileType = text.plist.xml; path = Info.plist; sourceTree = "<group>"; };
		89A727001AA2279C0004C289 /* _04_FacebookTests.swift */ = {isa = PBXFileReference; lastKnownFileType = sourcecode.swift; path = _04_FacebookTests.swift; sourceTree = "<group>"; };
/* End PBXFileReference section */

/* Begin PBXFrameworksBuildPhase section */
		89A726E21AA2279C0004C289 /* Frameworks */ = {
			isa = PBXFrameworksBuildPhase;
			buildActionMask = 2147483647;
			files = (
			);
			runOnlyForDeploymentPostprocessing = 0;
		};
		89A726F71AA2279C0004C289 /* Frameworks */ = {
			isa = PBXFrameworksBuildPhase;
			buildActionMask = 2147483647;
			files = (
			);
			runOnlyForDeploymentPostprocessing = 0;
		};
/* End PBXFrameworksBuildPhase section */

/* Begin PBXGroup section */
		89A726DC1AA2279C0004C289 = {
			isa = PBXGroup;
			children = (
				89A726E71AA2279C0004C289 /* 004-Facebook */,
				89A726FD1AA2279C0004C289 /* 004-FacebookTests */,
				89A726E61AA2279C0004C289 /* Products */,
			);
			sourceTree = "<group>";
		};
		89A726E61AA2279C0004C289 /* Products */ = {
			isa = PBXGroup;
			children = (
				89A726E51AA2279C0004C289 /* 004-Facebook.app */,
				89A726FA1AA2279C0004C289 /* 004-FacebookTests.xctest */,
			);
			name = Products;
			sourceTree = "<group>";
		};
		89A726E71AA2279C0004C289 /* 004-Facebook */ = {
			isa = PBXGroup;
			children = (
				89A726EA1AA2279C0004C289 /* AppDelegate.swift */,
				89A726EC1AA2279C0004C289 /* ViewController.swift */,
				89A726EE1AA2279C0004C289 /* Main.storyboard */,
				89A726F11AA2279C0004C289 /* Images.xcassets */,
				89A726F31AA2279C0004C289 /* LaunchScreen.xib */,
				89A726E81AA2279C0004C289 /* Supporting Files */,
			);
			path = "004-Facebook";
			sourceTree = "<group>";
		};
		89A726E81AA2279C0004C289 /* Supporting Files */ = {
			isa = PBXGroup;
			children = (
				89A726E91AA2279C0004C289 /* Info.plist */,
			);
			name = "Supporting Files";
			sourceTree = "<group>";
		};
		89A726FD1AA2279C0004C289 /* 004-FacebookTests */ = {
			isa = PBXGroup;
			children = (
				89A727001AA2279C0004C289 /* _04_FacebookTests.swift */,
				89A726FE1AA2279C0004C289 /* Supporting Files */,
			);
			path = "004-FacebookTests";
			sourceTree = "<group>";
		};
		89A726FE1AA2279C0004C289 /* Supporting Files */ = {
			isa = PBXGroup;
			children = (
				89A726FF1AA2279C0004C289 /* Info.plist */,
			);
			name = "Supporting Files";
			sourceTree = "<group>";
		};
/* End PBXGroup section */

/* Begin PBXNativeTarget section */
		89A726E41AA2279C0004C289 /* 004-Facebook */ = {
			isa = PBXNativeTarget;
			buildConfigurationList = 89A727041AA2279C0004C289 /* Build configuration list for PBXNativeTarget "004-Facebook" */;
			buildPhases = (
				89A726E11AA2279C0004C289 /* Sources */,
				89A726E21AA2279C0004C289 /* Frameworks */,
				89A726E31AA2279C0004C289 /* Resources */,
			);
			buildRules = (
			);
			dependencies = (
			);
			name = "004-Facebook";
			productName = "004-Facebook";
			productReference = 89A726E51AA2279C0004C289 /* 004-Facebook.app */;
			productType = "com.apple.product-type.application";
		};
		89A726F91AA2279C0004C289 /* 004-FacebookTests */ = {
			isa = PBXNativeTarget;
			buildConfigurationList = 89A727071AA2279C0004C289 /* Build configuration list for PBXNativeTarget "004-FacebookTests" */;
			buildPhases = (
				89A726F61AA2279C0004C289 /* Sources */,
				89A726F71AA2279C0004C289 /* Frameworks */,
				89A726F81AA2279C0004C289 /* Resources */,
			);
			buildRules = (
			);
			dependencies = (
				89A726FC1AA2279C0004C289 /* PBXTargetDependency */,
			);
			name = "004-FacebookTests";
			productName = "004-FacebookTests";
			productReference = 89A726FA1AA2279C0004C289 /* 004-FacebookTests.xctest */;
			productType = "com.apple.product-type.bundle.unit-test";
		};
/* End PBXNativeTarget section */

/* Begin PBXProject section */
		89A726DD1AA2279C0004C289 /* Project object */ = {
			isa = PBXProject;
			attributes = {
				LastUpgradeCheck = 0610;
				ORGANIZATIONNAME = "Jakub Burkot";
				TargetAttributes = {
					89A726E41AA2279C0004C289 = {
						CreatedOnToolsVersion = 6.1.1;
					};
					89A726F91AA2279C0004C289 = {
						CreatedOnToolsVersion = 6.1.1;
						TestTargetID = 89A726E41AA2279C0004C289;
					};
				};
			};
			buildConfigurationList = 89A726E01AA2279C0004C289 /* Build configuration list for PBXProject "004-Facebook" */;
			compatibilityVersion = "Xcode 3.2";
			developmentRegion = English;
			hasScannedForEncodings = 0;
			knownRegions = (
				en,
				Base,
			);
			mainGroup = 89A726DC1AA2279C0004C289;
			productRefGroup = 89A726E61AA2279C0004C289 /* Products */;
			projectDirPath = "";
			projectRoot = "";
			targets = (
				89A726E41AA2279C0004C289 /* 004-Facebook */,
				89A726F91AA2279C0004C289 /* 004-FacebookTests */,
			);
		};
/* End PBXProject section */

/* Begin PBXResourcesBuildPhase section */
		89A726E31AA2279C0004C289 /* Resources */ = {
			isa = PBXResourcesBuildPhase;
			buildActionMask = 2147483647;
			files = (
				89A726F01AA2279C0004C289 /* Main.storyboard in Resources */,
				89A726F51AA2279C0004C289 /* LaunchScreen.xib in Resources */,
				89A726F21AA2279C0004C289 /* Images.xcassets in Resources */,
			);
			runOnlyForDeploymentPostprocessing = 0;
		};
		89A726F81AA2279C0004C289 /* Resources */ = {
			isa = PBXResourcesBuildPhase;
			buildActionMask = 2147483647;
			files = (
			);
			runOnlyForDeploymentPostprocessing = 0;
		};
/* End PBXResourcesBuildPhase section */

/* Begin PBXSourcesBuildPhase section */
		89A726E11AA2279C0004C289 /* Sources */ = {
			isa = PBXSourcesBuildPhase;
			buildActionMask = 2147483647;
			files = (
				89A726ED1AA2279C0004C289 /* ViewController.swift in Sources */,
				89A726EB1AA2279C0004C289 /* AppDelegate.swift in Sources */,
			);
			runOnlyForDeploymentPostprocessing = 0;
		};
		89A726F61AA2279C0004C289 /* Sources */ = {
			isa = PBXSourcesBuildPhase;
			buildActionMask = 2147483647;
			files = (
				89A727011AA2279C0004C289 /* _04_FacebookTests.swift in Sources */,
			);
			runOnlyForDeploymentPostprocessing = 0;
		};
/* End PBXSourcesBuildPhase section */

/* Begin PBXTargetDependency section */
		89A726FC1AA2279C0004C289 /* PBXTargetDependency */ = {
			isa = PBXTargetDependency;
			target = 89A726E41AA2279C0004C289 /* 004-Facebook */;
			targetProxy = 89A726FB1AA2279C0004C289 /* PBXContainerItemProxy */;
		};
/* End PBXTargetDependency section */

/* Begin PBXVariantGroup section */
		89A726EE1AA2279C0004C289 /* Main.storyboard */ = {
			isa = PBXVariantGroup;
			children = (
				89A726EF1AA2279C0004C289 /* Base */,
			);
			name = Main.storyboard;
			sourceTree = "<group>";
		};
		89A726F31AA2279C0004C289 /* LaunchScreen.xib */ = {
			isa = PBXVariantGroup;
			children = (
				89A726F41AA2279C0004C289 /* Base */,
			);
			name = LaunchScreen.xib;
			sourceTree = "<group>";
		};
/* End PBXVariantGroup section */

/* Begin XCBuildConfiguration section */
		89A727021AA2279C0004C289 /* Debug */ = {
			isa = XCBuildConfiguration;
			buildSettings = {
				ALWAYS_SEARCH_USER_PATHS = NO;
				CLANG_CXX_LANGUAGE_STANDARD = "gnu++0x";
				CLANG_CXX_LIBRARY = "libc++";
				CLANG_ENABLE_MODULES = YES;
				CLANG_ENABLE_OBJC_ARC = YES;
				CLANG_WARN_BOOL_CONVERSION = YES;
				CLANG_WARN_CONSTANT_CONVERSION = YES;
				CLANG_WARN_DIRECT_OBJC_ISA_USAGE = YES_ERROR;
				CLANG_WARN_EMPTY_BODY = YES;
				CLANG_WARN_ENUM_CONVERSION = YES;
				CLANG_WARN_INT_CONVERSION = YES;
				CLANG_WARN_OBJC_ROOT_CLASS = YES_ERROR;
				CLANG_WARN_UNREACHABLE_CODE = YES;
				CLANG_WARN__DUPLICATE_METHOD_MATCH = YES;
				"CODE_SIGN_IDENTITY[sdk=iphoneos*]" = "iPhone Developer";
				COPY_PHASE_STRIP = NO;
				ENABLE_STRICT_OBJC_MSGSEND = YES;
				GCC_C_LANGUAGE_STANDARD = gnu99;
				GCC_DYNAMIC_NO_PIC = NO;
				GCC_OPTIMIZATION_LEVEL = 0;
				GCC_PREPROCESSOR_DEFINITIONS = (
					"DEBUG=1",
					"$(inherited)",
				);
				GCC_SYMBOLS_PRIVATE_EXTERN = NO;
				GCC_WARN_64_TO_32_BIT_CONVERSION = YES;
				GCC_WARN_ABOUT_RETURN_TYPE = YES_ERROR;
				GCC_WARN_UNDECLARED_SELECTOR = YES;
				GCC_WARN_UNINITIALIZED_AUTOS = YES_AGGRESSIVE;
				GCC_WARN_UNUSED_FUNCTION = YES;
				GCC_WARN_UNUSED_VARIABLE = YES;
				IPHONEOS_DEPLOYMENT_TARGET = 8.1;
				MTL_ENABLE_DEBUG_INFO = YES;
				ONLY_ACTIVE_ARCH = YES;
				SDKROOT = iphoneos;
				SWIFT_OPTIMIZATION_LEVEL = "-Onone";
			};
			name = Debug;
		};
		89A727031AA2279C0004C289 /* Release */ = {
			isa = XCBuildConfiguration;
			buildSettings = {
				ALWAYS_SEARCH_USER_PATHS = NO;
				CLANG_CXX_LANGUAGE_STANDARD = "gnu++0x";
				CLANG_CXX_LIBRARY = "libc++";
				CLANG_ENABLE_MODULES = YES;
				CLANG_ENABLE_OBJC_ARC = YES;
				CLANG_WARN_BOOL_CONVERSION = YES;
				CLANG_WARN_CONSTANT_CONVERSION = YES;
				CLANG_WARN_DIRECT_OBJC_ISA_USAGE = YES_ERROR;
				CLANG_WARN_EMPTY_BODY = YES;
				CLANG_WARN_ENUM_CONVERSION = YES;
				CLANG_WARN_INT_CONVERSION = YES;
				CLANG_WARN_OBJC_ROOT_CLASS = YES_ERROR;
				CLANG_WARN_UNREACHABLE_CODE = YES;
				CLANG_WARN__DUPLICATE_METHOD_MATCH = YES;
				"CODE_SIGN_IDENTITY[sdk=iphoneos*]" = "iPhone Developer";
				COPY_PHASE_STRIP = YES;
				ENABLE_NS_ASSERTIONS = NO;
				ENABLE_STRICT_OBJC_MSGSEND = YES;
				GCC_C_LANGUAGE_STANDARD = gnu99;
				GCC_WARN_64_TO_32_BIT_CONVERSION = YES;
				GCC_WARN_ABOUT_RETURN_TYPE = YES_ERROR;
				GCC_WARN_UNDECLARED_SELECTOR = YES;
				GCC_WARN_UNINITIALIZED_AUTOS = YES_AGGRESSIVE;
				GCC_WARN_UNUSED_FUNCTION = YES;
				GCC_WARN_UNUSED_VARIABLE = YES;
				IPHONEOS_DEPLOYMENT_TARGET = 8.1;
				MTL_ENABLE_DEBUG_INFO = NO;
				SDKROOT = iphoneos;
				VALIDATE_PRODUCT = YES;
			};
			name = Release;
		};
		89A727051AA2279C0004C289 /* Debug */ = {
			isa = XCBuildConfiguration;
			buildSettings = {
				ASSETCATALOG_COMPILER_APPICON_NAME = AppIcon;
				INFOPLIST_FILE = "004-Facebook/Info.plist";
				LD_RUNPATH_SEARCH_PATHS = "$(inherited) @executable_path/Frameworks";
				PRODUCT_NAME = "$(TARGET_NAME)";
			};
			name = Debug;
		};
		89A727061AA2279C0004C289 /* Release */ = {
			isa = XCBuildConfiguration;
			buildSettings = {
				ASSETCATALOG_COMPILER_APPICON_NAME = AppIcon;
				INFOPLIST_FILE = "004-Facebook/Info.plist";
				LD_RUNPATH_SEARCH_PATHS = "$(inherited) @executable_path/Frameworks";
				PRODUCT_NAME = "$(TARGET_NAME)";
			};
			name = Release;
		};
		89A727081AA2279C0004C289 /* Debug */ = {
			isa = XCBuildConfiguration;
			buildSettings = {
				BUNDLE_LOADER = "$(TEST_HOST)";
				FRAMEWORK_SEARCH_PATHS = (
					"$(SDKROOT)/Developer/Library/Frameworks",
					"$(inherited)",
				);
				GCC_PREPROCESSOR_DEFINITIONS = (
					"DEBUG=1",
					"$(inherited)",
				);
				INFOPLIST_FILE = "004-FacebookTests/Info.plist";
				LD_RUNPATH_SEARCH_PATHS = "$(inherited) @executable_path/Frameworks @loader_path/Frameworks";
				PRODUCT_NAME = "$(TARGET_NAME)";
				TEST_HOST = "$(BUILT_PRODUCTS_DIR)/004-Facebook.app/004-Facebook";
			};
			name = Debug;
		};
		89A727091AA2279C0004C289 /* Release */ = {
			isa = XCBuildConfiguration;
			buildSettings = {
				BUNDLE_LOADER = "$(TEST_HOST)";
				FRAMEWORK_SEARCH_PATHS = (
					"$(SDKROOT)/Developer/Library/Frameworks",
					"$(inherited)",
				);
				INFOPLIST_FILE = "004-FacebookTests/Info.plist";
				LD_RUNPATH_SEARCH_PATHS = "$(inherited) @executable_path/Frameworks @loader_path/Frameworks";
				PRODUCT_NAME = "$(TARGET_NAME)";
				TEST_HOST = "$(BUILT_PRODUCTS_DIR)/004-Facebook.app/004-Facebook";
			};
			name = Release;
		};
/* End XCBuildConfiguration section */

/* Begin XCConfigurationList section */
		89A726E01AA2279C0004C289 /* Build configuration list for PBXProject "004-Facebook" */ = {
			isa = XCConfigurationList;
			buildConfigurations = (
				89A727021AA2279C0004C289 /* Debug */,
				89A727031AA2279C0004C289 /* Release */,
			);
			defaultConfigurationIsVisible = 0;
			defaultConfigurationName = Release;
		};
		89A727041AA2279C0004C289 /* Build configuration list for PBXNativeTarget "004-Facebook" */ = {
			isa = XCConfigurationList;
			buildConfigurations = (
				89A727051AA2279C0004C289 /* Debug */,
				89A727061AA2279C0004C289 /* Release */,
			);
			defaultConfigurationIsVisible = 0;
		};
		89A727071AA2279C0004C289 /* Build configuration list for PBXNativeTarget "004-FacebookTests" */ = {
			isa = XCConfigurationList;
			buildConfigurations = (
				89A727081AA2279C0004C289 /* Debug */,
				89A727091AA2279C0004C289 /* Release */,
			);
			defaultConfigurationIsVisible = 0;
		};
/* End XCConfigurationList section */
	};
	rootObject = 89A726DD1AA2279C0004C289 /* Project object */;
}
